
Microsoft Visual Studio Solution File, Format Version 12.00
# Visual Studio Version 16
VisualStudioVersion = 16.0.30002.166
MinimumVisualStudioVersion = 10.0.40219.1
Project("{FAE04EC0-301F-11D3-BF4B-00C04F79EFBC}") = "biletSatisOtomasyonu", "biletSatisOtomasyonu\biletSatisOtomasyonu.csproj", "{BBDAF33D-17B0-4D7D-8CC1-A213B2867108}"
EndProject
Global
	GlobalSection(SolutionConfigurationPlatforms) = preSolution
		Debug|Any CPU = Debug|Any CPU
		Release|Any CPU = Release|Any CPU
	EndGlobalSection
	GlobalSection(ProjectConfigurationPlatforms) = postSolution
		{BBDAF33D-17B0-4D7D-8CC1-A213B2867108}.Debug|Any CPU.ActiveCfg = Debug|Any CPU
		{BBDAF33D-17B0-4D7D-8CC1-A213B2867108}.Debug|Any CPU.Build.0 = Debug|Any CPU
		{BBDAF33D-17B0-4D7D-8CC1-A213B2867108}.Release|Any CPU.ActiveCfg = Release|Any CPU
		{BBDAF33D-17B0-4D7D-8CC1-A213B2867108}.Release|Any CPU.Build.0 = Release|Any CPU
	EndGlobalSection
	GlobalSection(SolutionProperties) = preSolution
		HideSolutionNode = FALSE
	EndGlobalSection
	GlobalSection(ExtensibilityGlobals) = postSolution
		SolutionGuid = {1B8CF7E2-674C-49A0-A2B2-B44E4131518F}
	EndGlobalSection
EndGlobal
